{
  "name": "@kobalab/mjai-converter",
  "version": "0.1.0",
  "lockfileVersion": 3,
  "requires": true,
  "packages": {
    "": {
      "name": "@kobalab/mjai-converter",
      "version": "0.1.0",
      "license": "MIT",
      "dependencies": {
        "@kobalab/majiang-core": "^1.4.1"
      }
    },
    "node_modules/@kobalab/majiang-core": {
      "version": "1.4.1",
      "resolved": "https://registry.npmjs.org/@kobalab/majiang-core/-/majiang-core-1.4.1.tgz",
      "integrity": "sha512-60jLSDCpSEy6gZK+uBoH7JRc1epzJWSzfh94LiZllLmPW8UJ+f9A8m74c8d9mMv+LVbnxKkg8TC86sKNqaD6VQ==",
      "license": "MIT"
    }
  }
}
